{
  "version": 4,
  "terraform_version": "0.12.4",
  "serial": 96,
  "lineage": "f26547d6-16a8-400c-92e9-91ad130c777b",
  "outputs": {
    "elenaensusalsa-clons": {
      "value": [
        "178.62.236.212"
      ],
      "type": [
        "tuple",
        [
          "string"
        ]
      ]
    },
    "elenaensusalsa_database_droplet_ip": {
      "value": "188.166.39.23",
      "type": "string"
    }
  },
  "resources": [
    {
      "mode": "data",
      "type": "digitalocean_image",
      "name": "elenaensusalsa-backend",
      "provider": "provider.digitalocean",
      "instances": [
        {
          "schema_version": 0,
          "attributes": {
            "distribution": "CentOS",
            "id": "32506269",
            "image": "32506269",
            "min_disk_size": 40,
            "name": "elenaensusalsa-backend-1520810225",
            "private": true,
            "regions": [
              "ams3"
            ],
            "slug": "",
            "type": "snapshot"
          }
        }
      ]
    },
    {
      "mode": "data",
      "type": "template_file",
      "name": "cloudinit_config",
      "provider": "provider.template",
      "instances": [
        {
          "schema_version": 0,
          "attributes": {
            "filename": null,
            "id": "924d7ef80517372d876ea274752a72b4c9acc4fe0e58d9a53f71ffd06af67694",
            "rendered": "#cloud-config\nruncmd:\n  - 'chown -R nginx: /opt/elenaensusalsa.com'\n  - echo \"[defaults]\" \u003e /opt/elenaensusalsa.com/ansible.cfg\n  - echo \"remote_tmp = /opt/elenaensusalsa.com\" \u003e\u003e /opt/elenaensusalsa.com/ansible.cfg\n  - su - nginx -c 'cd /opt/elenaensusalsa.com \u0026\u0026 ansible-playbook -i \"localhost,\" -c local /opt/elenaensusalsa.com/deploy.yaml --extra-vars \"github_token=ee0a89d332c3c60e6b6637b43e668fb063cbeb23\"'\n  - certbot certonly --manual --preferred-challenges dns -m theunic@gmail.com --agree-tos -d elenaensusalsa.com -d images.elenaensusalsa.com -n --manual-auth-hook /opt/elenaensusalsa.com/certbot/authenticator.sh --manual-cleanup-hook /opt/elenaensusalsa.com/certbot/cleanup.sh --must-staple --hsts --staple-ocsp --manual-public-ip-logging-ok\n  - cp /opt/elenaensusalsa.com/nginx/elenaensusalsa.com.nginx.conf /etc/nginx/conf.d/\n  - systemctl restart nginx",
            "template": "#cloud-config\nruncmd:\n  - 'chown -R nginx: /opt/elenaensusalsa.com'\n  - echo \"[defaults]\" \u003e /opt/elenaensusalsa.com/ansible.cfg\n  - echo \"remote_tmp = /opt/elenaensusalsa.com\" \u003e\u003e /opt/elenaensusalsa.com/ansible.cfg\n  - su - nginx -c 'cd /opt/elenaensusalsa.com \u0026\u0026 ansible-playbook -i \"localhost,\" -c local /opt/elenaensusalsa.com/deploy.yaml --extra-vars \"github_token=${github_token}\"'\n  - certbot certonly --manual --preferred-challenges dns -m theunic@gmail.com --agree-tos -d elenaensusalsa.com -d images.elenaensusalsa.com -n --manual-auth-hook /opt/elenaensusalsa.com/certbot/authenticator.sh --manual-cleanup-hook /opt/elenaensusalsa.com/certbot/cleanup.sh --must-staple --hsts --staple-ocsp --manual-public-ip-logging-ok\n  - cp /opt/elenaensusalsa.com/nginx/elenaensusalsa.com.nginx.conf /etc/nginx/conf.d/\n  - systemctl restart nginx",
            "vars": {
              "github_token": "ee0a89d332c3c60e6b6637b43e668fb063cbeb23"
            }
          }
        }
      ]
    },
    {
      "mode": "managed",
      "type": "cloudflare_record",
      "name": "main_record",
      "provider": "provider.cloudflare",
      "instances": [
        {
          "schema_version": 1,
          "attributes": {
            "created_on": "2019-07-30T15:06:47.942518Z",
            "data": {},
            "domain": "elenaensusalsa.com",
            "hostname": "elenaensusalsa.com",
            "id": "0a2484765731027c6b38ac6fe1b955a8",
            "metadata": {
              "auto_added": "false",
              "managed_by_apps": "false",
              "managed_by_argo_tunnel": "false"
            },
            "modified_on": "2019-07-30T15:06:47.942518Z",
            "name": "elenaensusalsa.com",
            "priority": 0,
            "proxiable": true,
            "proxied": false,
            "ttl": 1,
            "type": "A",
            "value": "185.199.108.153",
            "zone_id": "01609dede07d9d3eafd134376bfbf778"
          },
          "private": "eyJzY2hlbWFfdmVyc2lvbiI6IjEifQ==",
          "depends_on": [
            "digitalocean_floating_ip.elenaensusalsa_ip"
          ]
        }
      ]
    },
    {
      "mode": "managed",
      "type": "cloudflare_record",
      "name": "www_record",
      "provider": "provider.cloudflare",
      "instances": [
        {
          "schema_version": 1,
          "attributes": {
            "created_on": "2019-07-30T15:04:48.803272Z",
            "data": {},
            "domain": "elenaensusalsa.com",
            "hostname": "www.elenaensusalsa.com",
            "id": "0952e442fdb4d42b35b8e605a97fcf1c",
            "metadata": {
              "auto_added": "false",
              "managed_by_apps": "false",
              "managed_by_argo_tunnel": "false"
            },
            "modified_on": "2019-07-30T15:04:48.803272Z",
            "name": "www",
            "priority": 0,
            "proxiable": true,
            "proxied": false,
            "ttl": 1,
            "type": "A",
            "value": "185.199.108.153",
            "zone_id": "01609dede07d9d3eafd134376bfbf778"
          },
          "private": "eyJzY2hlbWFfdmVyc2lvbiI6IjEifQ==",
          "depends_on": [
            "digitalocean_floating_ip.elenaensusalsa_ip"
          ]
        }
      ]
    },
    {
      "mode": "managed",
      "type": "digitalocean_droplet",
      "name": "elenaensusalsa-backend-blue",
      "each": "list",
      "provider": "provider.digitalocean",
      "instances": [
        {
          "index_key": 0,
          "schema_version": 1,
          "attributes": {
            "backups": true,
            "disk": 40,
            "id": "85508610",
            "image": "32506269",
            "ipv4_address": "178.62.236.212",
            "ipv4_address_private": "10.133.4.108",
            "ipv6": true,
            "ipv6_address": "2a03:b0c0:2:d0::b68:3001",
            "ipv6_address_private": "",
            "locked": false,
            "memory": 2048,
            "monitoring": false,
            "name": "clone0",
            "price_hourly": 0.02976,
            "price_monthly": 20,
            "private_networking": true,
            "region": "ams3",
            "resize_disk": false,
            "size": "2gb",
            "ssh_keys": [
              "1906221"
            ],
            "status": "active",
            "tags": [
              "backend",
              "blue",
              "elenaensusalsa"
            ],
            "urn": "do:droplet:85508610",
            "user_data": "#cloud-config\nruncmd:\n  - 'chown -R nginx: /opt/elenaensusalsa.com'\n  - echo \"[defaults]\" \u003e /opt/elenaensusalsa.com/ansible.cfg\n  - echo \"remote_tmp = /opt/elenaensusalsa.com\" \u003e\u003e /opt/elenaensusalsa.com/ansible.cfg\n  - su - nginx -c 'cd /opt/elenaensusalsa.com \u0026\u0026 ansible-playbook -i \"localhost,\" -c local /opt/elenaensusalsa.com/deploy.yaml --extra-vars \"github_token=ee0a89d332c3c60e6b6637b43e668fb063cbeb23\"'\n  - certbot certonly --manual --preferred-challenges dns -m theunic@gmail.com --agree-tos -d elenaensusalsa.com -d images.elenaensusalsa.com -n --manual-auth-hook /opt/elenaensusalsa.com/certbot/authenticator.sh --manual-cleanup-hook /opt/elenaensusalsa.com/certbot/cleanup.sh --must-staple --hsts --staple-ocsp --manual-public-ip-logging-ok\n  - cp /opt/elenaensusalsa.com/nginx/elenaensusalsa.com.nginx.conf /etc/nginx/conf.d/\n  - systemctl restart nginx",
            "vcpus": 2,
            "volume_ids": []
          },
          "depends_on": [
            "data.digitalocean_image.elenaensusalsa-backend",
            "data.template_file.cloudinit_config",
            "digitalocean_ssh_key.ssh_key",
            "digitalocean_tag.backend",
            "digitalocean_tag.blue",
            "digitalocean_tag.elenaensusalsa"
          ]
        }
      ]
    },
    {
      "mode": "managed",
      "type": "digitalocean_droplet",
      "name": "elenaensusalsa_database",
      "provider": "provider.digitalocean",
      "instances": [
        {
          "schema_version": 1,
          "attributes": {
            "backups": true,
            "disk": 30,
            "id": "9859661",
            "image": null,
            "ipv4_address": "188.166.39.23",
            "ipv4_address_private": "10.133.174.106",
            "ipv6": true,
            "ipv6_address": "2a03:b0c0:2:d0::3d:a001",
            "ipv6_address_private": "",
            "locked": false,
            "memory": 1024,
            "monitoring": false,
            "name": "elenaensusalsa-database-droplet",
            "price_hourly": 0.01488,
            "price_monthly": 10,
            "private_networking": true,
            "region": "ams3",
            "resize_disk": false,
            "size": "1gb",
            "ssh_keys": [
              "1906221"
            ],
            "status": "active",
            "tags": [
              "elenaensusalsa"
            ],
            "urn": "do:droplet:9859661",
            "user_data": null,
            "vcpus": 1,
            "volume_ids": []
          },
          "depends_on": [
            "digitalocean_ssh_key.ssh_key",
            "digitalocean_tag.elenaensusalsa"
          ]
        }
      ]
    },
    {
      "mode": "managed",
      "type": "digitalocean_droplet",
      "name": "elenamartinez_droplet",
      "provider": "provider.digitalocean",
      "instances": [
        {
          "schema_version": 1,
          "attributes": {
            "backups": true,
            "disk": 25,
            "id": "130832039",
            "image": "39342610",
            "ipv4_address": "174.138.15.152",
            "ipv4_address_private": "10.133.33.105",
            "ipv6": true,
            "ipv6_address": "2a03:b0c0:2:d0::dcd:b001",
            "ipv6_address_private": null,
            "locked": false,
            "memory": 1024,
            "monitoring": true,
            "name": "elenamartinez.me",
            "price_hourly": 0.00744,
            "price_monthly": 5,
            "private_networking": true,
            "region": "ams3",
            "resize_disk": true,
            "size": "s-1vcpu-1gb",
            "ssh_keys": null,
            "status": "active",
            "tags": [],
            "urn": "do:droplet:130832039",
            "user_data": null,
            "vcpus": 1,
            "volume_ids": []
          }
        }
      ]
    },
    {
      "mode": "managed",
      "type": "digitalocean_floating_ip",
      "name": "elenaensusalsa_ip",
      "provider": "provider.digitalocean",
      "instances": [
        {
          "schema_version": 0,
          "attributes": {
            "droplet_id": 85508610,
            "id": "174.138.106.214",
            "ip_address": "174.138.106.214",
            "region": "ams3",
            "urn": "do:floatingip:174.138.106.214"
          },
          "depends_on": [
            "digitalocean_droplet.elenaensusalsa-backend-blue",
            "digitalocean_droplet.elenaensusalsa_application"
          ]
        }
      ]
    },
    {
      "mode": "managed",
      "type": "digitalocean_spaces_bucket",
      "name": "elenaensusalsa_uploads",
      "provider": "provider.digitalocean",
      "instances": [
        {
          "schema_version": 0,
          "attributes": {
            "acl": "public-read",
            "bucket_domain_name": "elenaensusalsa-uploads.ams3.digitaloceanspaces.com",
            "force_destroy": true,
            "id": "elenaensusalsa-uploads",
            "name": "elenaensusalsa-uploads",
            "region": "ams3",
            "urn": "do:space:elenaensusalsa-uploads"
          },
          "private": "bnVsbA=="
        }
      ]
    },
    {
      "mode": "managed",
      "type": "digitalocean_ssh_key",
      "name": "ssh_key",
      "provider": "provider.digitalocean",
      "instances": [
        {
          "schema_version": 0,
          "attributes": {
            "fingerprint": "78:02:3c:e8:41:27:ec:8d:38:ff:da:dd:ec:a4:11:af",
            "id": "1906221",
            "name": "macbookpro enalquiler",
            "public_key": "ssh-rsa AAAAB3NzaC1yc2EAAAADAQABAAACAQDQJ92IFNhXhJA0tR6eXIBSpKfsy0o7IVp+pFe/rpesmeAe079vfLXc5ub+P+ixrtNVaqAn5J9b2J34vkxDlhmqZkNTt9snz+mE3vZXJpb6WCvRsFbu7RJhW8ZvTUU7AZjiW5D/Mo4VZx0lTXlUt/IavpEA70NboJskGPjeHPyqfZox+5U8/OmqeKmi1ARTNHlQQOUu+nU5kxYsk5xXNmffLsjOkwITmn9twcoHDxz58Z9foHxQoRNmnESbtmo9EKhkkrb5j+1RdnM71/15bVrhaYoduWH1/BGJsrIm+8lt2qwLXKEBz/e0mfwrocX4PzRIo0UYwAoqwsupdcOx2XHqTU9K9ougUGe7UCnDOF3ETvo38sT7J+bXdzkQ31RXRidRviju6+Do6DcCE58M6LaV/NwCJkjvAyasp1/43N4OzVrI+xN53Wu7dORpZLhoe+ot1eS04A7oNfS24B1icUT/pc8xPQbW4e5GwvmXsfx9q+f58eIf5uSzjVnyu45XesVM9i2kl/6kmSKCtcwzv06ZqPZTUPYi/j5rLe/u9Uuk8vaIz7ZGrZL0XR4D/Qmus4rBpnDANJTo32bKOeNJiGERngci2SpHlfuACjc9UxHo7qnOUXr+6GRQ3kdVsENbXFNlTjrSYJ4djiCp+MIsfpf7Pg1p7F9tkelNqVBHK3f79w== theunic@gmail.com"
          }
        }
      ]
    },
    {
      "mode": "managed",
      "type": "digitalocean_tag",
      "name": "backend",
      "provider": "provider.digitalocean",
      "instances": [
        {
          "schema_version": 0,
          "attributes": {
            "id": "backend",
            "name": "backend"
          }
        }
      ]
    },
    {
      "mode": "managed",
      "type": "digitalocean_tag",
      "name": "blue",
      "provider": "provider.digitalocean",
      "instances": [
        {
          "schema_version": 0,
          "attributes": {
            "id": "blue",
            "name": "blue"
          }
        }
      ]
    },
    {
      "mode": "managed",
      "type": "digitalocean_tag",
      "name": "elenaensusalsa",
      "provider": "provider.digitalocean",
      "instances": [
        {
          "schema_version": 0,
          "attributes": {
            "id": "elenaensusalsa",
            "name": "elenaensusalsa"
          }
        }
      ]
    },
    {
      "mode": "managed",
      "type": "digitalocean_volume",
      "name": "elenaensusalsa_uploads",
      "provider": "provider.digitalocean",
      "instances": [
        {
          "schema_version": 0,
          "attributes": {
            "description": null,
            "droplet_ids": [],
            "filesystem_label": null,
            "filesystem_type": "unknown",
            "id": "911655f1-14f7-11e8-8a24-0242ac116409",
            "initial_filesystem_label": null,
            "initial_filesystem_type": null,
            "name": "elenaensusalsa-uploads",
            "region": "ams3",
            "size": 10,
            "snapshot_id": null,
            "urn": "do:volume:911655f1-14f7-11e8-8a24-0242ac116409"
          }
        }
      ]
    }
  ]
}
